// !$*UTF8*$!
{
	archiveVersion = 1;
	classes = {
	};
	objectVersion = 46;
	objects = {

/* Begin PBXBuildFile section */
		0000D8191F1F3DC100BB2B30 /* ShopPreBakeTableView.swift in Sources */ = {isa = PBXBuildFile; fileRef = 0000D8181F1F3DC100BB2B30 /* ShopPreBakeTableView.swift */; };
		0000D81B1F1F3DD300BB2B30 /* ShopPreBakeTableCell.swift in Sources */ = {isa = PBXBuildFile; fileRef = 0000D81A1F1F3DD300BB2B30 /* ShopPreBakeTableCell.swift */; };
		00020F861F0BCDC5008ABFB1 /* FancyTransitionAnimator.swift in Sources */ = {isa = PBXBuildFile; fileRef = 00020F851F0BCDC5008ABFB1 /* FancyTransitionAnimator.swift */; };
		00020F881F0C201E008ABFB1 /* MeInfoVC.swift in Sources */ = {isa = PBXBuildFile; fileRef = 00020F871F0C201E008ABFB1 /* MeInfoVC.swift */; };
		00020F8D1F0E2D5D008ABFB1 /* CGFloat+Extensions.swift in Sources */ = {isa = PBXBuildFile; fileRef = 00020F891F0E2D5D008ABFB1 /* CGFloat+Extensions.swift */; };
		00020F8E1F0E2D5D008ABFB1 /* CGPoint+Extensions.swift in Sources */ = {isa = PBXBuildFile; fileRef = 00020F8A1F0E2D5D008ABFB1 /* CGPoint+Extensions.swift */; };
		00020F8F1F0E2D5D008ABFB1 /* CGVector+Extensions.swift in Sources */ = {isa = PBXBuildFile; fileRef = 00020F8B1F0E2D5D008ABFB1 /* CGVector+Extensions.swift */; };
		00020F901F0E2D5D008ABFB1 /* Int+Extensions.swift in Sources */ = {isa = PBXBuildFile; fileRef = 00020F8C1F0E2D5D008ABFB1 /* Int+Extensions.swift */; };
		000D13781EFF862700A19D5A /* Constants.swift in Sources */ = {isa = PBXBuildFile; fileRef = 000D13771EFF862700A19D5A /* Constants.swift */; };
		001DB09D1F024CD100A09F32 /* CommunityVC.swift in Sources */ = {isa = PBXBuildFile; fileRef = 001DB09C1F024CD100A09F32 /* CommunityVC.swift */; };
		00264E651F2F275700D83073 /* ShopCheckingVC.swift in Sources */ = {isa = PBXBuildFile; fileRef = 00264E641F2F275700D83073 /* ShopCheckingVC.swift */; };
		00264E691F2F63A700D83073 /* ShopCheckBakeTableCell.swift in Sources */ = {isa = PBXBuildFile; fileRef = 00264E681F2F63A700D83073 /* ShopCheckBakeTableCell.swift */; };
		00264E6B1F2F63DE00D83073 /* ShopCheckAddressTableViewCell.swift in Sources */ = {isa = PBXBuildFile; fileRef = 00264E6A1F2F63DE00D83073 /* ShopCheckAddressTableViewCell.swift */; };
		00264E6D1F2F64C200D83073 /* ShopCheckDeliveryTimeTableCell.swift in Sources */ = {isa = PBXBuildFile; fileRef = 00264E6C1F2F64C200D83073 /* ShopCheckDeliveryTimeTableCell.swift */; };
		00264E6F1F2F70EC00D83073 /* ShopCheckSegmentedControlTableCell.swift in Sources */ = {isa = PBXBuildFile; fileRef = 00264E6E1F2F70EC00D83073 /* ShopCheckSegmentedControlTableCell.swift */; };
		002659A41F30BF0E0016A9F6 /* DeliveryAddressVCFoff.swift in Sources */ = {isa = PBXBuildFile; fileRef = 002659A31F30BF0E0016A9F6 /* DeliveryAddressVCFoff.swift */; };
		0028C46D1F383C13008A432C /* AMapLocationManager+Extensions.swift in Sources */ = {isa = PBXBuildFile; fileRef = 0028C46C1F383C13008A432C /* AMapLocationManager+Extensions.swift */; };
		0034EE341EE7D59A005300AE /* ShopPagingVC.swift in Sources */ = {isa = PBXBuildFile; fileRef = 0034EE331EE7D59A005300AE /* ShopPagingVC.swift */; };
		0034EE361EE9116B005300AE /* ShopBuyVC.swift in Sources */ = {isa = PBXBuildFile; fileRef = 0034EE351EE9116B005300AE /* ShopBuyVC.swift */; };
		0034EE381EE91176005300AE /* ShopPreVC.swift in Sources */ = {isa = PBXBuildFile; fileRef = 0034EE371EE91176005300AE /* ShopPreVC.swift */; };
		0034EE3A1EE91182005300AE /* ShopTweetVC.swift in Sources */ = {isa = PBXBuildFile; fileRef = 0034EE391EE91181005300AE /* ShopTweetVC.swift */; };
		004318321F13EF8E00FD0227 /* ShopClassifyTableCell.swift in Sources */ = {isa = PBXBuildFile; fileRef = 004318311F13EF8E00FD0227 /* ShopClassifyTableCell.swift */; };
		004318341F13F21900FD0227 /* ShopClassifyTableView.swift in Sources */ = {isa = PBXBuildFile; fileRef = 004318331F13F21900FD0227 /* ShopClassifyTableView.swift */; };
		0044B0AC1ED17B3C003DE5AF /* HomeShopTableViewCell.swift in Sources */ = {isa = PBXBuildFile; fileRef = 0044B0AB1ED17B3C003DE5AF /* HomeShopTableViewCell.swift */; };
		00455A851F15D4F5009F440F /* AVShop.swift in Sources */ = {isa = PBXBuildFile; fileRef = 00455A841F15D4F5009F440F /* AVShop.swift */; };
		00455A891F193079009F440F /* AVBake.swift in Sources */ = {isa = PBXBuildFile; fileRef = 00455A881F193078009F440F /* AVBake.swift */; };
		00455A8B1F19E81D009F440F /* BakeInBagRealm.swift in Sources */ = {isa = PBXBuildFile; fileRef = 00455A8A1F19E81D009F440F /* BakeInBagRealm.swift */; };
		0048FDA91EE9E6AC002B49B6 /* ShopBuyBakeTableCell.swift in Sources */ = {isa = PBXBuildFile; fileRef = 0048FDA81EE9E6AC002B49B6 /* ShopBuyBakeTableCell.swift */; };
		0048FDAB1EEA725C002B49B6 /* ShopBuyBakeTableView.swift in Sources */ = {isa = PBXBuildFile; fileRef = 0048FDAA1EEA725C002B49B6 /* ShopBuyBakeTableView.swift */; };
		004BF0E01ED184CF00554A5E /* HomeShopTableView.swift in Sources */ = {isa = PBXBuildFile; fileRef = 004BF0DF1ED184CF00554A5E /* HomeShopTableView.swift */; };
		006024F21EC9738800FFB859 /* MeMasterVC.swift in Sources */ = {isa = PBXBuildFile; fileRef = 006024F11EC9738800FFB859 /* MeMasterVC.swift */; };
		006024F41EC973D600FFB859 /* MeMemoryVC.swift in Sources */ = {isa = PBXBuildFile; fileRef = 006024F31EC973D600FFB859 /* MeMemoryVC.swift */; };
		006024F61EC97D8700FFB859 /* MeTweetVC.swift in Sources */ = {isa = PBXBuildFile; fileRef = 006024F51EC97D8700FFB859 /* MeTweetVC.swift */; };
		006024FA1EC98FCF00FFB859 /* HomeMasterVC.swift in Sources */ = {isa = PBXBuildFile; fileRef = 006024F91EC98FCF00FFB859 /* HomeMasterVC.swift */; };
		006024FC1EC9900000FFB859 /* HomeFollowVC.swift in Sources */ = {isa = PBXBuildFile; fileRef = 006024FB1EC9900000FFB859 /* HomeFollowVC.swift */; };
		006024FE1EC9900F00FFB859 /* HomeShopVC.swift in Sources */ = {isa = PBXBuildFile; fileRef = 006024FD1EC9900F00FFB859 /* HomeShopVC.swift */; };
		006025001EC9995400FFB859 /* HomeVC.swift in Sources */ = {isa = PBXBuildFile; fileRef = 006024FF1EC9995400FFB859 /* HomeVC.swift */; };
		006025021EC99DDE00FFB859 /* HomeBakeVC.swift in Sources */ = {isa = PBXBuildFile; fileRef = 006025011EC99DDE00FFB859 /* HomeBakeVC.swift */; };
		00629C7A1EC80BBC00B78151 /* AppDelegate.swift in Sources */ = {isa = PBXBuildFile; fileRef = 00629C791EC80BBC00B78151 /* AppDelegate.swift */; };
		00629C7E1EC80BBC00B78151 /* OrderVC.swift in Sources */ = {isa = PBXBuildFile; fileRef = 00629C7D1EC80BBC00B78151 /* OrderVC.swift */; };
		00629C811EC80BBC00B78151 /* Main.storyboard in Resources */ = {isa = PBXBuildFile; fileRef = 00629C7F1EC80BBC00B78151 /* Main.storyboard */; };
		00629C861EC80BBC00B78151 /* LaunchScreen.storyboard in Resources */ = {isa = PBXBuildFile; fileRef = 00629C841EC80BBC00B78151 /* LaunchScreen.storyboard */; };
		006A3E1C1F38E4B100FE3064 /* Yuchaoooo.gpx in Resources */ = {isa = PBXBuildFile; fileRef = 006A3E1B1F38E4B100FE3064 /* Yuchaoooo.gpx */; };
		006A3E1E1F39AA2900FE3064 /* DeliveryAddressSelectionVC.swift in Sources */ = {isa = PBXBuildFile; fileRef = 006A3E1D1F39AA2900FE3064 /* DeliveryAddressSelectionVC.swift */; };
		006A3E201F39E92E00FE3064 /* DeliveryAddressSelectionTableViewCell.swift in Sources */ = {isa = PBXBuildFile; fileRef = 006A3E1F1F39E92E00FE3064 /* DeliveryAddressSelectionTableViewCell.swift */; };
		006A3E221F3D8AAF00FE3064 /* cities.plist in Resources */ = {isa = PBXBuildFile; fileRef = 006A3E211F3D8AAF00FE3064 /* cities.plist */; };
		006B2E521F1B514B00C10BB9 /* AVOrder.swift in Sources */ = {isa = PBXBuildFile; fileRef = 006B2E511F1B514B00C10BB9 /* AVOrder.swift */; };
		00846E0B1F282E7D004F2BDE /* BakePreOrderRealm.swift in Sources */ = {isa = PBXBuildFile; fileRef = 00846E0A1F282E7D004F2BDE /* BakePreOrderRealm.swift */; };
		008F0AEF1F2C87EA00700C0D /* MeSettingPwdVC.swift in Sources */ = {isa = PBXBuildFile; fileRef = 008F0AEE1F2C87EA00700C0D /* MeSettingPwdVC.swift */; };
		008F0AF11F2CBD7100700C0D /* MeSettingNameVC.swift in Sources */ = {isa = PBXBuildFile; fileRef = 008F0AF01F2CBD7100700C0D /* MeSettingNameVC.swift */; };
		008F74171F38670700AFEC9E /* LocationRealm.swift in Sources */ = {isa = PBXBuildFile; fileRef = 008F74161F38670700AFEC9E /* LocationRealm.swift */; };
		009BA0131F469D5800C7ABF7 /* RedPacketVC.swift in Sources */ = {isa = PBXBuildFile; fileRef = 009BA0121F469D5800C7ABF7 /* RedPacketVC.swift */; };
		009BA0171F46C61B00C7ABF7 /* RedPacketTableViewCell.swift in Sources */ = {isa = PBXBuildFile; fileRef = 009BA0161F46C61B00C7ABF7 /* RedPacketTableViewCell.swift */; };
		009BA0191F46C67100C7ABF7 /* AVRedPacket.swift in Sources */ = {isa = PBXBuildFile; fileRef = 009BA0181F46C67100C7ABF7 /* AVRedPacket.swift */; };
		009BA01B1F46CE3E00C7ABF7 /* UITableViewCell+Extensions.swift in Sources */ = {isa = PBXBuildFile; fileRef = 009BA01A1F46CE3E00C7ABF7 /* UITableViewCell+Extensions.swift */; };
		009BA01D1F4805E700C7ABF7 /* DeliveryTimeViewCell.swift in Sources */ = {isa = PBXBuildFile; fileRef = 009BA01C1F4805E700C7ABF7 /* DeliveryTimeViewCell.swift */; };
		009BA01F1F48060000C7ABF7 /* DeliveryTimeDateViewCell.swift in Sources */ = {isa = PBXBuildFile; fileRef = 009BA01E1F48060000C7ABF7 /* DeliveryTimeDateViewCell.swift */; };
		009BA0211F4944E200C7ABF7 /* AVCommentShop.swift in Sources */ = {isa = PBXBuildFile; fileRef = 009BA0201F4944E100C7ABF7 /* AVCommentShop.swift */; };
		009BA0231F49462000C7ABF7 /* AVRemarksOrder.swift in Sources */ = {isa = PBXBuildFile; fileRef = 009BA0221F49462000C7ABF7 /* AVRemarksOrder.swift */; };
		009E97301EEBC79700D55A5A /* OrderMakingVC.swift in Sources */ = {isa = PBXBuildFile; fileRef = 009E972F1EEBC79700D55A5A /* OrderMakingVC.swift */; };
		00A716E61F0BCA0300A8FF78 /* FancyNavigationControllerDelegate.swift in Sources */ = {isa = PBXBuildFile; fileRef = 00A716E51F0BCA0300A8FF78 /* FancyNavigationControllerDelegate.swift */; };
		00B4709B1F0404DD00725C95 /* AVBaker.swift in Sources */ = {isa = PBXBuildFile; fileRef = 00B4709A1F0404DD00725C95 /* AVBaker.swift */; };
		00B474E21ECD6A2200ED1B7A /* RealmHelper.swift in Sources */ = {isa = PBXBuildFile; fileRef = 00B474E11ECD6A2200ED1B7A /* RealmHelper.swift */; };
		00B491A91EE4CFE1000C63EB /* ShopVC.swift in Sources */ = {isa = PBXBuildFile; fileRef = 00B491A81EE4CFE1000C63EB /* ShopVC.swift */; };
		00BDA2DB1F34900000923D9F /* AVAddress.swift in Sources */ = {isa = PBXBuildFile; fileRef = 00BDA2DA1F34900000923D9F /* AVAddress.swift */; };
		00BF12651F28AE4400F67DF8 /* AVBakePre.swift in Sources */ = {isa = PBXBuildFile; fileRef = 00BF12641F28AE4400F67DF8 /* AVBakePre.swift */; };
		00BF12671F28AF2400F67DF8 /* AVBakeIn.swift in Sources */ = {isa = PBXBuildFile; fileRef = 00BF12661F28AF2400F67DF8 /* AVBakeIn.swift */; };
		00BF12691F299A6D00F67DF8 /* ShopBagEmbedTableCell.swift in Sources */ = {isa = PBXBuildFile; fileRef = 00BF12681F299A6D00F67DF8 /* ShopBagEmbedTableCell.swift */; };
		00BF126B1F2B425000F67DF8 /* Double+Extension.swift in Sources */ = {isa = PBXBuildFile; fileRef = 00BF126A1F2B425000F67DF8 /* Double+Extension.swift */; };
		00BF126D1F2B7DAF00F67DF8 /* ShopCheckingVCPureCoding.swift in Sources */ = {isa = PBXBuildFile; fileRef = 00BF126C1F2B7DAE00F67DF8 /* ShopCheckingVCPureCoding.swift */; };
		00BF126F1F2C622300F67DF8 /* MeSettingTableCell.swift in Sources */ = {isa = PBXBuildFile; fileRef = 00BF126E1F2C622300F67DF8 /* MeSettingTableCell.swift */; };
		00CA4A7C1F1DFF9F00541A4C /* UIDevice+Extensions.swift in Sources */ = {isa = PBXBuildFile; fileRef = 00CA4A7B1F1DFF9F00541A4C /* UIDevice+Extensions.swift */; };
		00CA4A7E1F1E093500541A4C /* ShopBagEmbedVC.swift in Sources */ = {isa = PBXBuildFile; fileRef = 00CA4A7D1F1E093500541A4C /* ShopBagEmbedVC.swift */; };
		00D0AF9A1EE3C7F300B1F5A2 /* Helper.swift in Sources */ = {isa = PBXBuildFile; fileRef = 00D0AF991EE3C7F300B1F5A2 /* Helper.swift */; };
		00D23B911F14AC78002E45B7 /* UIPanDirectionGestureRecognizer.swift in Sources */ = {isa = PBXBuildFile; fileRef = 00D23B901F14AC78002E45B7 /* UIPanDirectionGestureRecognizer.swift */; };
		00D23B931F14AF04002E45B7 /* UIColor+Extensions.swift in Sources */ = {isa = PBXBuildFile; fileRef = 00D23B921F14AF04002E45B7 /* UIColor+Extensions.swift */; };
		00D23B961F14AF37002E45B7 /* String+Extensions.swift in Sources */ = {isa = PBXBuildFile; fileRef = 00D23B951F14AF37002E45B7 /* String+Extensions.swift */; };
		00D23B981F14AF4E002E45B7 /* Data+Extensions.swift in Sources */ = {isa = PBXBuildFile; fileRef = 00D23B971F14AF4E002E45B7 /* Data+Extensions.swift */; };
		00D23B9A1F14AF66002E45B7 /* UIView+Extensions.swift in Sources */ = {isa = PBXBuildFile; fileRef = 00D23B991F14AF66002E45B7 /* UIView+Extensions.swift */; };
		00D23B9C1F14AF82002E45B7 /* UIViewController+Extensions.swift in Sources */ = {isa = PBXBuildFile; fileRef = 00D23B9B1F14AF82002E45B7 /* UIViewController+Extensions.swift */; };
		00D23B9E1F14AF96002E45B7 /* Date+Extensions.swift in Sources */ = {isa = PBXBuildFile; fileRef = 00D23B9D1F14AF96002E45B7 /* Date+Extensions.swift */; };
		00D23BA01F14AFD0002E45B7 /* UIImage+Extensions.swift in Sources */ = {isa = PBXBuildFile; fileRef = 00D23B9F1F14AFD0002E45B7 /* UIImage+Extensions.swift */; };
		00D3AB641F36D47800A5E934 /* DeliveryAddressVC.swift in Sources */ = {isa = PBXBuildFile; fileRef = 00D3AB631F36D47800A5E934 /* DeliveryAddressVC.swift */; };
		00D3AB661F36FA4200A5E934 /* DeliveryAddressTableViewCell.swift in Sources */ = {isa = PBXBuildFile; fileRef = 00D3AB651F36FA4200A5E934 /* DeliveryAddressTableViewCell.swift */; };
		00D3AB681F370D1F00A5E934 /* DeliveryAddressEditingVC.swift in Sources */ = {isa = PBXBuildFile; fileRef = 00D3AB671F370D1F00A5E934 /* DeliveryAddressEditingVC.swift */; };
		00E14EF61ECAE016008197A3 /* Assets.xcassets in Resources */ = {isa = PBXBuildFile; fileRef = 00E14EF51ECAE016008197A3 /* Assets.xcassets */; };
		00E14EF91ECB1866008197A3 /* MeVC.swift in Sources */ = {isa = PBXBuildFile; fileRef = 00E14EF81ECB1866008197A3 /* MeVC.swift */; };
		00E14EFB1ECBF5C4008197A3 /* MeLoginVC.swift in Sources */ = {isa = PBXBuildFile; fileRef = 00E14EFA1ECBF5C4008197A3 /* MeLoginVC.swift */; };
		00E14EFF1ECC9587008197A3 /* UserRealm.swift in Sources */ = {isa = PBXBuildFile; fileRef = 00E14EFE1ECC9587008197A3 /* UserRealm.swift */; };
		00E9030F1F012C030064F078 /* MeSettingVC.swift in Sources */ = {isa = PBXBuildFile; fileRef = 00E9030E1F012C030064F078 /* MeSettingVC.swift */; };
		7A39B2C152FC8E14A77AFBC0 /* Pods_BAKESF.framework in Frameworks */ = {isa = PBXBuildFile; fileRef = 347DBBFADC15C16C10915F5A /* Pods_BAKESF.framework */; };
/* End PBXBuildFile section */

/* Begin PBXFileReference section */
		0000D8181F1F3DC100BB2B30 /* ShopPreBakeTableView.swift */ = {isa = PBXFileReference; fileEncoding = 4; lastKnownFileType = sourcecode.swift; path = ShopPreBakeTableView.swift; sourceTree = "<group>"; };
		0000D81A1F1F3DD300BB2B30 /* ShopPreBakeTableCell.swift */ = {isa = PBXFileReference; fileEncoding = 4; lastKnownFileType = sourcecode.swift; path = ShopPreBakeTableCell.swift; sourceTree = "<group>"; };
		00020F851F0BCDC5008ABFB1 /* FancyTransitionAnimator.swift */ = {isa = PBXFileReference; fileEncoding = 4; lastKnownFileType = sourcecode.swift; path = FancyTransitionAnimator.swift; sourceTree = "<group>"; };
		00020F871F0C201E008ABFB1 /* MeInfoVC.swift */ = {isa = PBXFileReference; fileEncoding = 4; lastKnownFileType = sourcecode.swift; path = MeInfoVC.swift; sourceTree = "<group>"; };
		00020F891F0E2D5D008ABFB1 /* CGFloat+Extensions.swift */ = {isa = PBXFileReference; fileEncoding = 4; lastKnownFileType = sourcecode.swift; path = "CGFloat+Extensions.swift"; sourceTree = "<group>"; };
		00020F8A1F0E2D5D008ABFB1 /* CGPoint+Extensions.swift */ = {isa = PBXFileReference; fileEncoding = 4; lastKnownFileType = sourcecode.swift; path = "CGPoint+Extensions.swift"; sourceTree = "<group>"; };
		00020F8B1F0E2D5D008ABFB1 /* CGVector+Extensions.swift */ = {isa = PBXFileReference; fileEncoding = 4; lastKnownFileType = sourcecode.swift; path = "CGVector+Extensions.swift"; sourceTree = "<group>"; };
		00020F8C1F0E2D5D008ABFB1 /* Int+Extensions.swift */ = {isa = PBXFileReference; fileEncoding = 4; lastKnownFileType = sourcecode.swift; path = "Int+Extensions.swift"; sourceTree = "<group>"; };
		000D13771EFF862700A19D5A /* Constants.swift */ = {isa = PBXFileReference; fileEncoding = 4; lastKnownFileType = sourcecode.swift; path = Constants.swift; sourceTree = "<group>"; };
		001DB09C1F024CD100A09F32 /* CommunityVC.swift */ = {isa = PBXFileReference; fileEncoding = 4; lastKnownFileType = sourcecode.swift; path = CommunityVC.swift; sourceTree = "<group>"; };
		00264E641F2F275700D83073 /* ShopCheckingVC.swift */ = {isa = PBXFileReference; fileEncoding = 4; lastKnownFileType = sourcecode.swift; path = ShopCheckingVC.swift; sourceTree = "<group>"; };
		00264E681F2F63A700D83073 /* ShopCheckBakeTableCell.swift */ = {isa = PBXFileReference; fileEncoding = 4; lastKnownFileType = sourcecode.swift; path = ShopCheckBakeTableCell.swift; sourceTree = "<group>"; };
		00264E6A1F2F63DE00D83073 /* ShopCheckAddressTableViewCell.swift */ = {isa = PBXFileReference; fileEncoding = 4; lastKnownFileType = sourcecode.swift; path = ShopCheckAddressTableViewCell.swift; sourceTree = "<group>"; };
		00264E6C1F2F64C200D83073 /* ShopCheckDeliveryTimeTableCell.swift */ = {isa = PBXFileReference; fileEncoding = 4; lastKnownFileType = sourcecode.swift; path = ShopCheckDeliveryTimeTableCell.swift; sourceTree = "<group>"; };
		00264E6E1F2F70EC00D83073 /* ShopCheckSegmentedControlTableCell.swift */ = {isa = PBXFileReference; fileEncoding = 4; lastKnownFileType = sourcecode.swift; path = ShopCheckSegmentedControlTableCell.swift; sourceTree = "<group>"; };
		002659A31F30BF0E0016A9F6 /* DeliveryAddressVCFoff.swift */ = {isa = PBXFileReference; fileEncoding = 4; lastKnownFileType = sourcecode.swift; path = DeliveryAddressVCFoff.swift; sourceTree = "<group>"; };
		0028C46C1F383C13008A432C /* AMapLocationManager+Extensions.swift */ = {isa = PBXFileReference; fileEncoding = 4; lastKnownFileType = sourcecode.swift; path = "AMapLocationManager+Extensions.swift"; sourceTree = "<group>"; };
		0034EE331EE7D59A005300AE /* ShopPagingVC.swift */ = {isa = PBXFileReference; fileEncoding = 4; lastKnownFileType = sourcecode.swift; path = ShopPagingVC.swift; sourceTree = "<group>"; };
		0034EE351EE9116B005300AE /* ShopBuyVC.swift */ = {isa = PBXFileReference; fileEncoding = 4; lastKnownFileType = sourcecode.swift; path = ShopBuyVC.swift; sourceTree = "<group>"; };
		0034EE371EE91176005300AE /* ShopPreVC.swift */ = {isa = PBXFileReference; fileEncoding = 4; lastKnownFileType = sourcecode.swift; path = ShopPreVC.swift; sourceTree = "<group>"; };
		0034EE391EE91181005300AE /* ShopTweetVC.swift */ = {isa = PBXFileReference; fileEncoding = 4; lastKnownFileType = sourcecode.swift; path = ShopTweetVC.swift; sourceTree = "<group>"; };
		004318311F13EF8E00FD0227 /* ShopClassifyTableCell.swift */ = {isa = PBXFileReference; fileEncoding = 4; lastKnownFileType = sourcecode.swift; path = ShopClassifyTableCell.swift; sourceTree = "<group>"; };
		004318331F13F21900FD0227 /* ShopClassifyTableView.swift */ = {isa = PBXFileReference; fileEncoding = 4; lastKnownFileType = sourcecode.swift; path = ShopClassifyTableView.swift; sourceTree = "<group>"; };
		0044B0AB1ED17B3C003DE5AF /* HomeShopTableViewCell.swift */ = {isa = PBXFileReference; fileEncoding = 4; lastKnownFileType = sourcecode.swift; path = HomeShopTableViewCell.swift; sourceTree = "<group>"; };
		00455A841F15D4F5009F440F /* AVShop.swift */ = {isa = PBXFileReference; fileEncoding = 4; lastKnownFileType = sourcecode.swift; path = AVShop.swift; sourceTree = "<group>"; };
		00455A881F193078009F440F /* AVBake.swift */ = {isa = PBXFileReference; fileEncoding = 4; lastKnownFileType = sourcecode.swift; path = AVBake.swift; sourceTree = "<group>"; };
		00455A8A1F19E81D009F440F /* BakeInBagRealm.swift */ = {isa = PBXFileReference; fileEncoding = 4; lastKnownFileType = sourcecode.swift; path = BakeInBagRealm.swift; sourceTree = "<group>"; };
		0048FDA81EE9E6AC002B49B6 /* ShopBuyBakeTableCell.swift */ = {isa = PBXFileReference; fileEncoding = 4; lastKnownFileType = sourcecode.swift; path = ShopBuyBakeTableCell.swift; sourceTree = "<group>"; };
		0048FDAA1EEA725C002B49B6 /* ShopBuyBakeTableView.swift */ = {isa = PBXFileReference; fileEncoding = 4; lastKnownFileType = sourcecode.swift; path = ShopBuyBakeTableView.swift; sourceTree = "<group>"; };
		004BF0DF1ED184CF00554A5E /* HomeShopTableView.swift */ = {isa = PBXFileReference; fileEncoding = 4; lastKnownFileType = sourcecode.swift; path = HomeShopTableView.swift; sourceTree = "<group>"; };
		006024F11EC9738800FFB859 /* MeMasterVC.swift */ = {isa = PBXFileReference; fileEncoding = 4; lastKnownFileType = sourcecode.swift; path = MeMasterVC.swift; sourceTree = "<group>"; };
		006024F31EC973D600FFB859 /* MeMemoryVC.swift */ = {isa = PBXFileReference; fileEncoding = 4; lastKnownFileType = sourcecode.swift; path = MeMemoryVC.swift; sourceTree = "<group>"; };
		006024F51EC97D8700FFB859 /* MeTweetVC.swift */ = {isa = PBXFileReference; fileEncoding = 4; lastKnownFileType = sourcecode.swift; path = MeTweetVC.swift; sourceTree = "<group>"; };
		006024F91EC98FCF00FFB859 /* HomeMasterVC.swift */ = {isa = PBXFileReference; fileEncoding = 4; lastKnownFileType = sourcecode.swift; path = HomeMasterVC.swift; sourceTree = "<group>"; };
		006024FB1EC9900000FFB859 /* HomeFollowVC.swift */ = {isa = PBXFileReference; fileEncoding = 4; lastKnownFileType = sourcecode.swift; path = HomeFollowVC.swift; sourceTree = "<group>"; };
		006024FD1EC9900F00FFB859 /* HomeShopVC.swift */ = {isa = PBXFileReference; fileEncoding = 4; lastKnownFileType = sourcecode.swift; path = HomeShopVC.swift; sourceTree = "<group>"; };
		006024FF1EC9995400FFB859 /* HomeVC.swift */ = {isa = PBXFileReference; fileEncoding = 4; lastKnownFileType = sourcecode.swift; path = HomeVC.swift; sourceTree = "<group>"; };
		006025011EC99DDE00FFB859 /* HomeBakeVC.swift */ = {isa = PBXFileReference; fileEncoding = 4; lastKnownFileType = sourcecode.swift; path = HomeBakeVC.swift; sourceTree = "<group>"; };
		00629C761EC80BBC00B78151 /* BAKESF.app */ = {isa = PBXFileReference; explicitFileType = wrapper.application; includeInIndex = 0; path = BAKESF.app; sourceTree = BUILT_PRODUCTS_DIR; };
		00629C791EC80BBC00B78151 /* AppDelegate.swift */ = {isa = PBXFileReference; lastKnownFileType = sourcecode.swift; path = AppDelegate.swift; sourceTree = "<group>"; };
		00629C7D1EC80BBC00B78151 /* OrderVC.swift */ = {isa = PBXFileReference; lastKnownFileType = sourcecode.swift; path = OrderVC.swift; sourceTree = "<group>"; };
		00629C801EC80BBC00B78151 /* Base */ = {isa = PBXFileReference; lastKnownFileType = file.storyboard; name = Base; path = Base.lproj/Main.storyboard; sourceTree = "<group>"; };
		00629C851EC80BBC00B78151 /* Base */ = {isa = PBXFileReference; lastKnownFileType = file.storyboard; name = Base; path = Base.lproj/LaunchScreen.storyboard; sourceTree = "<group>"; };
		00629C871EC80BBC00B78151 /* Info.plist */ = {isa = PBXFileReference; lastKnownFileType = text.plist.xml; path = Info.plist; sourceTree = "<group>"; };
		00629C8D1EC8123E00B78151 /* BAKESF-Bridging-Header.h */ = {isa = PBXFileReference; lastKnownFileType = sourcecode.c.h; path = "BAKESF-Bridging-Header.h"; sourceTree = "<group>"; };
		00629C901EC8146900B78151 /* Alamofire.framework */ = {isa = PBXFileReference; lastKnownFileType = wrapper.framework; name = Alamofire.framework; path = "../../../Library/Developer/Xcode/DerivedData/BAKESF-fjjjbtxahaznllbtrbwqrssaqyyd/Build/Products/Debug-iphonesimulator/Alamofire/Alamofire.framework"; sourceTree = "<group>"; };
		006A3E1B1F38E4B100FE3064 /* Yuchaoooo.gpx */ = {isa = PBXFileReference; fileEncoding = 4; lastKnownFileType = text.xml; path = Yuchaoooo.gpx; sourceTree = "<group>"; };
		006A3E1D1F39AA2900FE3064 /* DeliveryAddressSelectionVC.swift */ = {isa = PBXFileReference; fileEncoding = 4; lastKnownFileType = sourcecode.swift; path = DeliveryAddressSelectionVC.swift; sourceTree = "<group>"; };
		006A3E1F1F39E92E00FE3064 /* DeliveryAddressSelectionTableViewCell.swift */ = {isa = PBXFileReference; fileEncoding = 4; lastKnownFileType = sourcecode.swift; path = DeliveryAddressSelectionTableViewCell.swift; sourceTree = "<group>"; };
		006A3E211F3D8AAF00FE3064 /* cities.plist */ = {isa = PBXFileReference; fileEncoding = 4; lastKnownFileType = text.plist.xml; path = cities.plist; sourceTree = "<group>"; };
		006B2E511F1B514B00C10BB9 /* AVOrder.swift */ = {isa = PBXFileReference; fileEncoding = 4; lastKnownFileType = sourcecode.swift; path = AVOrder.swift; sourceTree = "<group>"; };
		00846E0A1F282E7D004F2BDE /* BakePreOrderRealm.swift */ = {isa = PBXFileReference; fileEncoding = 4; lastKnownFileType = sourcecode.swift; path = BakePreOrderRealm.swift; sourceTree = "<group>"; };
		008F0AEE1F2C87EA00700C0D /* MeSettingPwdVC.swift */ = {isa = PBXFileReference; fileEncoding = 4; lastKnownFileType = sourcecode.swift; path = MeSettingPwdVC.swift; sourceTree = "<group>"; };
		008F0AF01F2CBD7100700C0D /* MeSettingNameVC.swift */ = {isa = PBXFileReference; fileEncoding = 4; lastKnownFileType = sourcecode.swift; path = MeSettingNameVC.swift; sourceTree = "<group>"; };
		008F74161F38670700AFEC9E /* LocationRealm.swift */ = {isa = PBXFileReference; fileEncoding = 4; lastKnownFileType = sourcecode.swift; path = LocationRealm.swift; sourceTree = "<group>"; };
		009BA0121F469D5800C7ABF7 /* RedPacketVC.swift */ = {isa = PBXFileReference; fileEncoding = 4; lastKnownFileType = sourcecode.swift; path = RedPacketVC.swift; sourceTree = "<group>"; };
		009BA0161F46C61B00C7ABF7 /* RedPacketTableViewCell.swift */ = {isa = PBXFileReference; fileEncoding = 4; lastKnownFileType = sourcecode.swift; path = RedPacketTableViewCell.swift; sourceTree = "<group>"; };
		009BA0181F46C67100C7ABF7 /* AVRedPacket.swift */ = {isa = PBXFileReference; fileEncoding = 4; lastKnownFileType = sourcecode.swift; path = AVRedPacket.swift; sourceTree = "<group>"; };
		009BA01A1F46CE3E00C7ABF7 /* UITableViewCell+Extensions.swift */ = {isa = PBXFileReference; fileEncoding = 4; lastKnownFileType = sourcecode.swift; path = "UITableViewCell+Extensions.swift"; sourceTree = "<group>"; };
		009BA01C1F4805E700C7ABF7 /* DeliveryTimeViewCell.swift */ = {isa = PBXFileReference; fileEncoding = 4; lastKnownFileType = sourcecode.swift; path = DeliveryTimeViewCell.swift; sourceTree = "<group>"; };
		009BA01E1F48060000C7ABF7 /* DeliveryTimeDateViewCell.swift */ = {isa = PBXFileReference; fileEncoding = 4; lastKnownFileType = sourcecode.swift; path = DeliveryTimeDateViewCell.swift; sourceTree = "<group>"; };
		009BA0201F4944E100C7ABF7 /* AVCommentShop.swift */ = {isa = PBXFileReference; fileEncoding = 4; lastKnownFileType = sourcecode.swift; path = AVCommentShop.swift; sourceTree = "<group>"; };
		009BA0221F49462000C7ABF7 /* AVRemarksOrder.swift */ = {isa = PBXFileReference; fileEncoding = 4; lastKnownFileType = sourcecode.swift; path = AVRemarksOrder.swift; sourceTree = "<group>"; };
		009E972F1EEBC79700D55A5A /* OrderMakingVC.swift */ = {isa = PBXFileReference; fileEncoding = 4; lastKnownFileType = sourcecode.swift; path = OrderMakingVC.swift; sourceTree = "<group>"; };
		00A716E51F0BCA0300A8FF78 /* FancyNavigationControllerDelegate.swift */ = {isa = PBXFileReference; fileEncoding = 4; lastKnownFileType = sourcecode.swift; path = FancyNavigationControllerDelegate.swift; sourceTree = "<group>"; };
		00B4709A1F0404DD00725C95 /* AVBaker.swift */ = {isa = PBXFileReference; fileEncoding = 4; lastKnownFileType = sourcecode.swift; path = AVBaker.swift; sourceTree = "<group>"; };
		00B474DD1ECD655C00ED1B7A /* Realm.framework */ = {isa = PBXFileReference; lastKnownFileType = wrapper.framework; name = Realm.framework; path = "Pods/../build/Debug-iphoneos/Realm/Realm.framework"; sourceTree = "<group>"; };
		00B474DF1ECD656000ED1B7A /* RealmSwift.framework */ = {isa = PBXFileReference; lastKnownFileType = wrapper.framework; name = RealmSwift.framework; path = "Pods/../build/Debug-iphoneos/RealmSwift/RealmSwift.framework"; sourceTree = "<group>"; };
		00B474E11ECD6A2200ED1B7A /* RealmHelper.swift */ = {isa = PBXFileReference; fileEncoding = 4; lastKnownFileType = sourcecode.swift; path = RealmHelper.swift; sourceTree = "<group>"; };
		00B491A81EE4CFE1000C63EB /* ShopVC.swift */ = {isa = PBXFileReference; fileEncoding = 4; lastKnownFileType = sourcecode.swift; path = ShopVC.swift; sourceTree = "<group>"; };
		00BDA2DA1F34900000923D9F /* AVAddress.swift */ = {isa = PBXFileReference; fileEncoding = 4; lastKnownFileType = sourcecode.swift; path = AVAddress.swift; sourceTree = "<group>"; };
		00BF12641F28AE4400F67DF8 /* AVBakePre.swift */ = {isa = PBXFileReference; fileEncoding = 4; lastKnownFileType = sourcecode.swift; path = AVBakePre.swift; sourceTree = "<group>"; };
		00BF12661F28AF2400F67DF8 /* AVBakeIn.swift */ = {isa = PBXFileReference; fileEncoding = 4; lastKnownFileType = sourcecode.swift; path = AVBakeIn.swift; sourceTree = "<group>"; };
		00BF12681F299A6D00F67DF8 /* ShopBagEmbedTableCell.swift */ = {isa = PBXFileReference; fileEncoding = 4; lastKnownFileType = sourcecode.swift; path = ShopBagEmbedTableCell.swift; sourceTree = "<group>"; };
		00BF126A1F2B425000F67DF8 /* Double+Extension.swift */ = {isa = PBXFileReference; fileEncoding = 4; lastKnownFileType = sourcecode.swift; path = "Double+Extension.swift"; sourceTree = "<group>"; };
		00BF126C1F2B7DAE00F67DF8 /* ShopCheckingVCPureCoding.swift */ = {isa = PBXFileReference; fileEncoding = 4; lastKnownFileType = sourcecode.swift; path = ShopCheckingVCPureCoding.swift; sourceTree = "<group>"; };
		00BF126E1F2C622300F67DF8 /* MeSettingTableCell.swift */ = {isa = PBXFileReference; fileEncoding = 4; lastKnownFileType = sourcecode.swift; path = MeSettingTableCell.swift; sourceTree = "<group>"; };
		00CA4A7B1F1DFF9F00541A4C /* UIDevice+Extensions.swift */ = {isa = PBXFileReference; fileEncoding = 4; lastKnownFileType = sourcecode.swift; path = "UIDevice+Extensions.swift"; sourceTree = "<group>"; };
		00CA4A7D1F1E093500541A4C /* ShopBagEmbedVC.swift */ = {isa = PBXFileReference; fileEncoding = 4; lastKnownFileType = sourcecode.swift; path = ShopBagEmbedVC.swift; sourceTree = "<group>"; };
		00D0AF991EE3C7F300B1F5A2 /* Helper.swift */ = {isa = PBXFileReference; fileEncoding = 4; lastKnownFileType = sourcecode.swift; path = Helper.swift; sourceTree = "<group>"; };
		00D23B901F14AC78002E45B7 /* UIPanDirectionGestureRecognizer.swift */ = {isa = PBXFileReference; fileEncoding = 4; lastKnownFileType = sourcecode.swift; path = UIPanDirectionGestureRecognizer.swift; sourceTree = "<group>"; };
		00D23B921F14AF04002E45B7 /* UIColor+Extensions.swift */ = {isa = PBXFileReference; fileEncoding = 4; lastKnownFileType = sourcecode.swift; path = "UIColor+Extensions.swift"; sourceTree = "<group>"; };
		00D23B951F14AF37002E45B7 /* String+Extensions.swift */ = {isa = PBXFileReference; fileEncoding = 4; lastKnownFileType = sourcecode.swift; path = "String+Extensions.swift"; sourceTree = "<group>"; };
		00D23B971F14AF4E002E45B7 /* Data+Extensions.swift */ = {isa = PBXFileReference; fileEncoding = 4; lastKnownFileType = sourcecode.swift; path = "Data+Extensions.swift"; sourceTree = "<group>"; };
		00D23B991F14AF66002E45B7 /* UIView+Extensions.swift */ = {isa = PBXFileReference; fileEncoding = 4; lastKnownFileType = sourcecode.swift; path = "UIView+Extensions.swift"; sourceTree = "<group>"; };
		00D23B9B1F14AF82002E45B7 /* UIViewController+Extensions.swift */ = {isa = PBXFileReference; fileEncoding = 4; lastKnownFileType = sourcecode.swift; path = "UIViewController+Extensions.swift"; sourceTree = "<group>"; };
		00D23B9D1F14AF96002E45B7 /* Date+Extensions.swift */ = {isa = PBXFileReference; fileEncoding = 4; lastKnownFileType = sourcecode.swift; path = "Date+Extensions.swift"; sourceTree = "<group>"; };
		00D23B9F1F14AFD0002E45B7 /* UIImage+Extensions.swift */ = {isa = PBXFileReference; fileEncoding = 4; lastKnownFileType = sourcecode.swift; path = "UIImage+Extensions.swift"; sourceTree = "<group>"; };
		00D3AB631F36D47800A5E934 /* DeliveryAddressVC.swift */ = {isa = PBXFileReference; fileEncoding = 4; lastKnownFileType = sourcecode.swift; path = DeliveryAddressVC.swift; sourceTree = "<group>"; };
		00D3AB651F36FA4200A5E934 /* DeliveryAddressTableViewCell.swift */ = {isa = PBXFileReference; fileEncoding = 4; lastKnownFileType = sourcecode.swift; path = DeliveryAddressTableViewCell.swift; sourceTree = "<group>"; };
		00D3AB671F370D1F00A5E934 /* DeliveryAddressEditingVC.swift */ = {isa = PBXFileReference; fileEncoding = 4; lastKnownFileType = sourcecode.swift; path = DeliveryAddressEditingVC.swift; sourceTree = "<group>"; };
		00D3AB6B1F3754EE00A5E934 /* BAKESF.entitlements */ = {isa = PBXFileReference; lastKnownFileType = text.plist.entitlements; path = BAKESF.entitlements; sourceTree = "<group>"; };
		00E14EF51ECAE016008197A3 /* Assets.xcassets */ = {isa = PBXFileReference; lastKnownFileType = folder.assetcatalog; path = Assets.xcassets; sourceTree = "<group>"; };
		00E14EF81ECB1866008197A3 /* MeVC.swift */ = {isa = PBXFileReference; fileEncoding = 4; lastKnownFileType = sourcecode.swift; path = MeVC.swift; sourceTree = "<group>"; };
		00E14EFA1ECBF5C4008197A3 /* MeLoginVC.swift */ = {isa = PBXFileReference; fileEncoding = 4; lastKnownFileType = sourcecode.swift; path = MeLoginVC.swift; sourceTree = "<group>"; };
		00E14EFE1ECC9587008197A3 /* UserRealm.swift */ = {isa = PBXFileReference; fileEncoding = 4; lastKnownFileType = sourcecode.swift; path = UserRealm.swift; sourceTree = "<group>"; };
		00E9030E1F012C030064F078 /* MeSettingVC.swift */ = {isa = PBXFileReference; fileEncoding = 4; lastKnownFileType = sourcecode.swift; path = MeSettingVC.swift; sourceTree = "<group>"; };
		347DBBFADC15C16C10915F5A /* Pods_BAKESF.framework */ = {isa = PBXFileReference; explicitFileType = wrapper.framework; includeInIndex = 0; path = Pods_BAKESF.framework; sourceTree = BUILT_PRODUCTS_DIR; };
		5A81FAE95BB34EB6E0AC6AFE /* Pods-BAKESF.release.xcconfig */ = {isa = PBXFileReference; includeInIndex = 1; lastKnownFileType = text.xcconfig; name = "Pods-BAKESF.release.xcconfig"; path = "Pods/Target Support Files/Pods-BAKESF/Pods-BAKESF.release.xcconfig"; sourceTree = "<group>"; };
		A3D3AE3254706DC34ED844A8 /* Pods-BAKESF.debug.xcconfig */ = {isa = PBXFileReference; includeInIndex = 1; lastKnownFileType = text.xcconfig; name = "Pods-BAKESF.debug.xcconfig"; path = "Pods/Target Support Files/Pods-BAKESF/Pods-BAKESF.debug.xcconfig"; sourceTree = "<group>"; };
/* End PBXFileReference section */

/* Begin PBXFrameworksBuildPhase section */
		00629C731EC80BBC00B78151 /* Frameworks */ = {
			isa = PBXFrameworksBuildPhase;
			buildActionMask = 2147483647;
			files = (
				7A39B2C152FC8E14A77AFBC0 /* Pods_BAKESF.framework in Frameworks */,
			);
			runOnlyForDeploymentPostprocessing = 0;
		};
/* End PBXFrameworksBuildPhase section */

/* Begin PBXGroup section */
		001DB09E1F024CDB00A09F32 /* CommunityVC */ = {
			isa = PBXGroup;
			children = (
				001DB09C1F024CD100A09F32 /* CommunityVC.swift */,
			);
			name = CommunityVC;
			sourceTree = "<group>";
		};
		00264E661F2F637500D83073 /* BakeTableViewAndCell */ = {
			isa = PBXGroup;
			children = (
				0048FDAA1EEA725C002B49B6 /* ShopBuyBakeTableView.swift */,
				0048FDA81EE9E6AC002B49B6 /* ShopBuyBakeTableCell.swift */,
				0000D8181F1F3DC100BB2B30 /* ShopPreBakeTableView.swift */,
				0000D81A1F1F3DD300BB2B30 /* ShopPreBakeTableCell.swift */,
				004318331F13F21900FD0227 /* ShopClassifyTableView.swift */,
				004318311F13EF8E00FD0227 /* ShopClassifyTableCell.swift */,
			);
			name = BakeTableViewAndCell;
			sourceTree = "<group>";
		};
		00264E671F2F639200D83073 /* ShopCheckingVC */ = {
			isa = PBXGroup;
			children = (
				00264E641F2F275700D83073 /* ShopCheckingVC.swift */,
				00264E6E1F2F70EC00D83073 /* ShopCheckSegmentedControlTableCell.swift */,
				00264E681F2F63A700D83073 /* ShopCheckBakeTableCell.swift */,
				00264E6A1F2F63DE00D83073 /* ShopCheckAddressTableViewCell.swift */,
				00264E6C1F2F64C200D83073 /* ShopCheckDeliveryTimeTableCell.swift */,
				009BA01E1F48060000C7ABF7 /* DeliveryTimeDateViewCell.swift */,
				009BA01C1F4805E700C7ABF7 /* DeliveryTimeViewCell.swift */,
				009BA0141F469D5E00C7ABF7 /* RedPacketVC */,
				009BA0151F469DD200C7ABF7 /* DeliveryAddressVC */,
				00264E661F2F637500D83073 /* BakeTableViewAndCell */,
				00BF126C1F2B7DAE00F67DF8 /* ShopCheckingVCPureCoding.swift */,
				002659A31F30BF0E0016A9F6 /* DeliveryAddressVCFoff.swift */,
			);
			name = ShopCheckingVC;
			sourceTree = "<group>";
		};
		00455A871F19305E009F440F /* AVObject */ = {
			isa = PBXGroup;
			children = (
				00B4709A1F0404DD00725C95 /* AVBaker.swift */,
				00455A841F15D4F5009F440F /* AVShop.swift */,
				00455A881F193078009F440F /* AVBake.swift */,
				00BF12661F28AF2400F67DF8 /* AVBakeIn.swift */,
				00BF12641F28AE4400F67DF8 /* AVBakePre.swift */,
				006B2E511F1B514B00C10BB9 /* AVOrder.swift */,
				00BDA2DA1F34900000923D9F /* AVAddress.swift */,
				009BA0181F46C67100C7ABF7 /* AVRedPacket.swift */,
				009BA0201F4944E100C7ABF7 /* AVCommentShop.swift */,
				009BA0221F49462000C7ABF7 /* AVRemarksOrder.swift */,
			);
			name = AVObject;
			sourceTree = "<group>";
		};
		00455A8C1F19E824009F440F /* RealmObject */ = {
			isa = PBXGroup;
			children = (
				00E14EFE1ECC9587008197A3 /* UserRealm.swift */,
				00455A8A1F19E81D009F440F /* BakeInBagRealm.swift */,
				00846E0A1F282E7D004F2BDE /* BakePreOrderRealm.swift */,
				008F74161F38670700AFEC9E /* LocationRealm.swift */,
			);
			name = RealmObject;
			sourceTree = "<group>";
		};
		00455A8D1F19E844009F440F /* VCTransition */ = {
			isa = PBXGroup;
			children = (
				00A716E51F0BCA0300A8FF78 /* FancyNavigationControllerDelegate.swift */,
				00020F851F0BCDC5008ABFB1 /* FancyTransitionAnimator.swift */,
			);
			name = VCTransition;
			sourceTree = "<group>";
		};
		006024F71EC97D9000FFB859 /* MeVC */ = {
			isa = PBXGroup;
			children = (
				00E14EF81ECB1866008197A3 /* MeVC.swift */,
				006024F11EC9738800FFB859 /* MeMasterVC.swift */,
				006024F31EC973D600FFB859 /* MeMemoryVC.swift */,
				006024F51EC97D8700FFB859 /* MeTweetVC.swift */,
				00E14EFA1ECBF5C4008197A3 /* MeLoginVC.swift */,
				00020F871F0C201E008ABFB1 /* MeInfoVC.swift */,
				00E9030E1F012C030064F078 /* MeSettingVC.swift */,
				008F0AF21F2CBD7700700C0D /* EditingInfo */,
				00BF126E1F2C622300F67DF8 /* MeSettingTableCell.swift */,
			);
			name = MeVC;
			sourceTree = "<group>";
		};
		006024F81EC98F3300FFB859 /* HomeVC */ = {
			isa = PBXGroup;
			children = (
				006024FF1EC9995400FFB859 /* HomeVC.swift */,
				006024F91EC98FCF00FFB859 /* HomeMasterVC.swift */,
				006024FD1EC9900F00FFB859 /* HomeShopVC.swift */,
				006025011EC99DDE00FFB859 /* HomeBakeVC.swift */,
				006024FB1EC9900000FFB859 /* HomeFollowVC.swift */,
				004BF0DF1ED184CF00554A5E /* HomeShopTableView.swift */,
				0044B0AB1ED17B3C003DE5AF /* HomeShopTableViewCell.swift */,
			);
			name = HomeVC;
			sourceTree = "<group>";
		};
		00629C6D1EC80BBC00B78151 = {
			isa = PBXGroup;
			children = (
				006A3E1B1F38E4B100FE3064 /* Yuchaoooo.gpx */,
				00629C781EC80BBC00B78151 /* BAKESF */,
				00629C771EC80BBC00B78151 /* Products */,
				BA9A938745FB83CEBCCFEA9C /* Frameworks */,
				00629C8D1EC8123E00B78151 /* BAKESF-Bridging-Header.h */,
				85C5049C783E7ED4DEAC7133 /* Pods */,
			);
			sourceTree = "<group>";
		};
		00629C771EC80BBC00B78151 /* Products */ = {
			isa = PBXGroup;
			children = (
				00629C761EC80BBC00B78151 /* BAKESF.app */,
			);
			name = Products;
			sourceTree = "<group>";
		};
		00629C781EC80BBC00B78151 /* BAKESF */ = {
			isa = PBXGroup;
			children = (
				00D3AB6B1F3754EE00A5E934 /* BAKESF.entitlements */,
				00629C791EC80BBC00B78151 /* AppDelegate.swift */,
				00B474E31ECD6A2D00ED1B7A /* Helpers */,
				00E14F001ECC958F008197A3 /* Classes */,
				006024F81EC98F3300FFB859 /* HomeVC */,
				00B491AA1EE4CFEF000C63EB /* ShopVC */,
				00E14EF71ECB03E1008197A3 /* OrderVC */,
				001DB09E1F024CDB00A09F32 /* CommunityVC */,
				006024F71EC97D9000FFB859 /* MeVC */,
				00629C7F1EC80BBC00B78151 /* Main.storyboard */,
				00629C841EC80BBC00B78151 /* LaunchScreen.storyboard */,
				00E14EF51ECAE016008197A3 /* Assets.xcassets */,
				00629C871EC80BBC00B78151 /* Info.plist */,
			);
			path = BAKESF;
			sourceTree = "<group>";
		};
		008F0AF21F2CBD7700700C0D /* EditingInfo */ = {
			isa = PBXGroup;
			children = (
				008F0AEE1F2C87EA00700C0D /* MeSettingPwdVC.swift */,
				008F0AF01F2CBD7100700C0D /* MeSettingNameVC.swift */,
			);
			name = EditingInfo;
			sourceTree = "<group>";
		};
		009BA0141F469D5E00C7ABF7 /* RedPacketVC */ = {
			isa = PBXGroup;
			children = (
				009BA0121F469D5800C7ABF7 /* RedPacketVC.swift */,
				009BA0161F46C61B00C7ABF7 /* RedPacketTableViewCell.swift */,
			);
			name = RedPacketVC;
			sourceTree = "<group>";
		};
		009BA0151F469DD200C7ABF7 /* DeliveryAddressVC */ = {
			isa = PBXGroup;
			children = (
				00D3AB631F36D47800A5E934 /* DeliveryAddressVC.swift */,
				00D3AB651F36FA4200A5E934 /* DeliveryAddressTableViewCell.swift */,
				00D3AB671F370D1F00A5E934 /* DeliveryAddressEditingVC.swift */,
				006A3E1D1F39AA2900FE3064 /* DeliveryAddressSelectionVC.swift */,
				006A3E1F1F39E92E00FE3064 /* DeliveryAddressSelectionTableViewCell.swift */,
			);
			name = DeliveryAddressVC;
			sourceTree = "<group>";
		};
		00B474E31ECD6A2D00ED1B7A /* Helpers */ = {
			isa = PBXGroup;
			children = (
				006A3E211F3D8AAF00FE3064 /* cities.plist */,
				00D23B941F14AF1B002E45B7 /* Extensions */,
				000D13771EFF862700A19D5A /* Constants.swift */,
				00D0AF991EE3C7F300B1F5A2 /* Helper.swift */,
				00B474E11ECD6A2200ED1B7A /* RealmHelper.swift */,
			);
			name = Helpers;
			sourceTree = "<group>";
		};
		00B491AA1EE4CFEF000C63EB /* ShopVC */ = {
			isa = PBXGroup;
			children = (
				00B491A81EE4CFE1000C63EB /* ShopVC.swift */,
				0034EE331EE7D59A005300AE /* ShopPagingVC.swift */,
				0034EE351EE9116B005300AE /* ShopBuyVC.swift */,
				0034EE371EE91176005300AE /* ShopPreVC.swift */,
				0034EE391EE91181005300AE /* ShopTweetVC.swift */,
				00CA4A7D1F1E093500541A4C /* ShopBagEmbedVC.swift */,
				00BF12681F299A6D00F67DF8 /* ShopBagEmbedTableCell.swift */,
				00264E671F2F639200D83073 /* ShopCheckingVC */,
			);
			name = ShopVC;
			sourceTree = "<group>";
		};
		00D23B941F14AF1B002E45B7 /* Extensions */ = {
			isa = PBXGroup;
			children = (
				00020F891F0E2D5D008ABFB1 /* CGFloat+Extensions.swift */,
				00020F8A1F0E2D5D008ABFB1 /* CGPoint+Extensions.swift */,
				00020F8B1F0E2D5D008ABFB1 /* CGVector+Extensions.swift */,
				00020F8C1F0E2D5D008ABFB1 /* Int+Extensions.swift */,
				00D23B951F14AF37002E45B7 /* String+Extensions.swift */,
				00BF126A1F2B425000F67DF8 /* Double+Extension.swift */,
				00D23B9D1F14AF96002E45B7 /* Date+Extensions.swift */,
				00D23B971F14AF4E002E45B7 /* Data+Extensions.swift */,
				00D23B921F14AF04002E45B7 /* UIColor+Extensions.swift */,
				00D23B9B1F14AF82002E45B7 /* UIViewController+Extensions.swift */,
				00D23B991F14AF66002E45B7 /* UIView+Extensions.swift */,
				00D23B9F1F14AFD0002E45B7 /* UIImage+Extensions.swift */,
				00CA4A7B1F1DFF9F00541A4C /* UIDevice+Extensions.swift */,
				0028C46C1F383C13008A432C /* AMapLocationManager+Extensions.swift */,
				009BA01A1F46CE3E00C7ABF7 /* UITableViewCell+Extensions.swift */,
			);
			name = Extensions;
			sourceTree = "<group>";
		};
		00E14EF71ECB03E1008197A3 /* OrderVC */ = {
			isa = PBXGroup;
			children = (
				00629C7D1EC80BBC00B78151 /* OrderVC.swift */,
				009E972F1EEBC79700D55A5A /* OrderMakingVC.swift */,
			);
			name = OrderVC;
			sourceTree = "<group>";
		};
		00E14F001ECC958F008197A3 /* Classes */ = {
			isa = PBXGroup;
			children = (
				00455A8C1F19E824009F440F /* RealmObject */,
				00455A871F19305E009F440F /* AVObject */,
				00455A8D1F19E844009F440F /* VCTransition */,
				00D23B901F14AC78002E45B7 /* UIPanDirectionGestureRecognizer.swift */,
			);
			name = Classes;
			sourceTree = "<group>";
		};
		85C5049C783E7ED4DEAC7133 /* Pods */ = {
			isa = PBXGroup;
			children = (
				A3D3AE3254706DC34ED844A8 /* Pods-BAKESF.debug.xcconfig */,
				5A81FAE95BB34EB6E0AC6AFE /* Pods-BAKESF.release.xcconfig */,
			);
			name = Pods;
			sourceTree = "<group>";
		};
		BA9A938745FB83CEBCCFEA9C /* Frameworks */ = {
			isa = PBXGroup;
			children = (
				00B474DF1ECD656000ED1B7A /* RealmSwift.framework */,
				00B474DD1ECD655C00ED1B7A /* Realm.framework */,
				00629C901EC8146900B78151 /* Alamofire.framework */,
				347DBBFADC15C16C10915F5A /* Pods_BAKESF.framework */,
			);
			name = Frameworks;
			sourceTree = "<group>";
		};
/* End PBXGroup section */

/* Begin PBXNativeTarget section */
		00629C751EC80BBC00B78151 /* BAKESF */ = {
			isa = PBXNativeTarget;
			buildConfigurationList = 00629C8A1EC80BBC00B78151 /* Build configuration list for PBXNativeTarget "BAKESF" */;
			buildPhases = (
				5ADF3822FC5842E19CAF8C5D /* [CP] Check Pods Manifest.lock */,
				00629C721EC80BBC00B78151 /* Sources */,
				00629C731EC80BBC00B78151 /* Frameworks */,
				00629C741EC80BBC00B78151 /* Resources */,
				000D13791EFF99A200A19D5A /* Fabric */,
				876E3B7CE960F5584E7C97C7 /* [CP] Embed Pods Frameworks */,
				2EEC01E20D652F5D8A44DC59 /* [CP] Copy Pods Resources */,
			);
			buildRules = (
			);
			dependencies = (
			);
			name = BAKESF;
			productName = BAKESF;
			productReference = 00629C761EC80BBC00B78151 /* BAKESF.app */;
			productType = "com.apple.product-type.application";
		};
/* End PBXNativeTarget section */

/* Begin PBXProject section */
		00629C6E1EC80BBC00B78151 /* Project object */ = {
			isa = PBXProject;
			attributes = {
				LastSwiftUpdateCheck = 0830;
				LastUpgradeCheck = 0830;
				ORGANIZATIONNAME = Yuchao;
				TargetAttributes = {
					00629C751EC80BBC00B78151 = {
						CreatedOnToolsVersion = 8.3.2;
						DevelopmentTeam = Z27YUCTD32;
						LastSwiftMigration = 0830;
						ProvisioningStyle = Automatic;
						SystemCapabilities = {
							com.apple.Maps.iOS = {
								enabled = 0;
							};
							com.apple.Push = {
								enabled = 1;
							};
						};
					};
				};
			};
			buildConfigurationList = 00629C711EC80BBC00B78151 /* Build configuration list for PBXProject "BAKESF" */;
			compatibilityVersion = "Xcode 3.2";
			developmentRegion = English;
			hasScannedForEncodings = 0;
			knownRegions = (
				en,
				Base,
			);
			mainGroup = 00629C6D1EC80BBC00B78151;
			productRefGroup = 00629C771EC80BBC00B78151 /* Products */;
			projectDirPath = "";
			projectRoot = "";
			targets = (
				00629C751EC80BBC00B78151 /* BAKESF */,
			);
		};
/* End PBXProject section */

/* Begin PBXResourcesBuildPhase section */
		00629C741EC80BBC00B78151 /* Resources */ = {
			isa = PBXResourcesBuildPhase;
			buildActionMask = 2147483647;
			files = (
				006A3E221F3D8AAF00FE3064 /* cities.plist in Resources */,
				006A3E1C1F38E4B100FE3064 /* Yuchaoooo.gpx in Resources */,
				00629C861EC80BBC00B78151 /* LaunchScreen.storyboard in Resources */,
				00E14EF61ECAE016008197A3 /* Assets.xcassets in Resources */,
				00629C811EC80BBC00B78151 /* Main.storyboard in Resources */,
			);
			runOnlyForDeploymentPostprocessing = 0;
		};
/* End PBXResourcesBuildPhase section */

/* Begin PBXShellScriptBuildPhase section */
		000D13791EFF99A200A19D5A /* Fabric */ = {
			isa = PBXShellScriptBuildPhase;
			buildActionMask = 2147483647;
			files = (
			);
			inputPaths = (
			);
			name = Fabric;
			outputPaths = (
			);
			runOnlyForDeploymentPostprocessing = 0;
			shellPath = /bin/sh;
			shellScript = "\"${PODS_ROOT}/Fabric/run\" 6ed525405b1959fae4852dff3430290a0df718f8 6789b3ff23d692a1aab39d71ab1cf28f6363937f03edc161eb7f675b1a28211b";
		};
		2EEC01E20D652F5D8A44DC59 /* [CP] Copy Pods Resources */ = {
			isa = PBXShellScriptBuildPhase;
			buildActionMask = 2147483647;
			files = (
			);
			inputPaths = (
				"${SRCROOT}/Pods/Target Support Files/Pods-BAKESF/Pods-BAKESF-resources.sh",
				"${PODS_ROOT}/AMap3DMap/MAMapKit.framework/AMap.bundle",
			);
			name = "[CP] Copy Pods Resources";
			outputPaths = (
				"${TARGET_BUILD_DIR}/${UNLOCALIZED_RESOURCES_FOLDER_PATH}",
			);
			runOnlyForDeploymentPostprocessing = 0;
			shellPath = /bin/sh;
			shellScript = "\"${SRCROOT}/Pods/Target Support Files/Pods-BAKESF/Pods-BAKESF-resources.sh\"\n";
			showEnvVarsInLog = 0;
		};
		5ADF3822FC5842E19CAF8C5D /* [CP] Check Pods Manifest.lock */ = {
			isa = PBXShellScriptBuildPhase;
			buildActionMask = 2147483647;
			files = (
			);
			inputPaths = (
				"${PODS_PODFILE_DIR_PATH}/Podfile.lock",
				"${PODS_ROOT}/Manifest.lock",
			);
			name = "[CP] Check Pods Manifest.lock";
			outputPaths = (
				"$(DERIVED_FILE_DIR)/Pods-BAKESF-checkManifestLockResult.txt",
			);
			runOnlyForDeploymentPostprocessing = 0;
			shellPath = /bin/sh;
			shellScript = "diff \"${PODS_PODFILE_DIR_PATH}/Podfile.lock\" \"${PODS_ROOT}/Manifest.lock\" > /dev/null\nif [ $? != 0 ] ; then\n    # print error to STDERR\n    echo \"error: The sandbox is not in sync with the Podfile.lock. Run 'pod install' or update your CocoaPods installation.\" >&2\n    exit 1\nfi\n# This output is used by Xcode 'outputs' to avoid re-running this script phase.\necho \"SUCCESS\" > \"${SCRIPT_OUTPUT_FILE_0}\"\n";
			showEnvVarsInLog = 0;
		};
		876E3B7CE960F5584E7C97C7 /* [CP] Embed Pods Frameworks */ = {
			isa = PBXShellScriptBuildPhase;
			buildActionMask = 2147483647;
			files = (
			);
			inputPaths = (
				"${SRCROOT}/Pods/Target Support Files/Pods-BAKESF/Pods-BAKESF-frameworks.sh",
				"${BUILT_PRODUCTS_DIR}/AVOSCloud/AVOSCloud.framework",
				"${BUILT_PRODUCTS_DIR}/AVOSCloudIM/AVOSCloudIM.framework",
				"${BUILT_PRODUCTS_DIR}/AVOSCloudLiveQuery/AVOSCloudLiveQuery.framework",
				"${BUILT_PRODUCTS_DIR}/PagingMenuController/PagingMenuController.framework",
				"${BUILT_PRODUCTS_DIR}/Realm/Realm.framework",
				"${BUILT_PRODUCTS_DIR}/RealmSwift/RealmSwift.framework",
				"${BUILT_PRODUCTS_DIR}/SDWebImage/SDWebImage.framework",
			);
			name = "[CP] Embed Pods Frameworks";
			outputPaths = (
				"${TARGET_BUILD_DIR}/${FRAMEWORKS_FOLDER_PATH}/AVOSCloud.framework",
				"${TARGET_BUILD_DIR}/${FRAMEWORKS_FOLDER_PATH}/AVOSCloudIM.framework",
				"${TARGET_BUILD_DIR}/${FRAMEWORKS_FOLDER_PATH}/AVOSCloudLiveQuery.framework",
				"${TARGET_BUILD_DIR}/${FRAMEWORKS_FOLDER_PATH}/PagingMenuController.framework",
				"${TARGET_BUILD_DIR}/${FRAMEWORKS_FOLDER_PATH}/Realm.framework",
				"${TARGET_BUILD_DIR}/${FRAMEWORKS_FOLDER_PATH}/RealmSwift.framework",
				"${TARGET_BUILD_DIR}/${FRAMEWORKS_FOLDER_PATH}/SDWebImage.framework",
			);
			runOnlyForDeploymentPostprocessing = 0;
			shellPath = /bin/sh;
			shellScript = "\"${SRCROOT}/Pods/Target Support Files/Pods-BAKESF/Pods-BAKESF-frameworks.sh\"\n";
			showEnvVarsInLog = 0;
		};
/* End PBXShellScriptBuildPhase section */

/* Begin PBXSourcesBuildPhase section */
		00629C721EC80BBC00B78151 /* Sources */ = {
			isa = PBXSourcesBuildPhase;
			buildActionMask = 2147483647;
			files = (
				006024F61EC97D8700FFB859 /* MeTweetVC.swift in Sources */,
				00E9030F1F012C030064F078 /* MeSettingVC.swift in Sources */,
				006025001EC9995400FFB859 /* HomeVC.swift in Sources */,
				006024F41EC973D600FFB859 /* MeMemoryVC.swift in Sources */,
				0034EE341EE7D59A005300AE /* ShopPagingVC.swift in Sources */,
				004318341F13F21900FD0227 /* ShopClassifyTableView.swift in Sources */,
				00264E6B1F2F63DE00D83073 /* ShopCheckAddressTableViewCell.swift in Sources */,
				008F0AF11F2CBD7100700C0D /* MeSettingNameVC.swift in Sources */,
				006024FC1EC9900000FFB859 /* HomeFollowVC.swift in Sources */,
				00020F901F0E2D5D008ABFB1 /* Int+Extensions.swift in Sources */,
				009BA0211F4944E200C7ABF7 /* AVCommentShop.swift in Sources */,
				00D3AB661F36FA4200A5E934 /* DeliveryAddressTableViewCell.swift in Sources */,
				0028C46D1F383C13008A432C /* AMapLocationManager+Extensions.swift in Sources */,
				00E14EF91ECB1866008197A3 /* MeVC.swift in Sources */,
				0044B0AC1ED17B3C003DE5AF /* HomeShopTableViewCell.swift in Sources */,
				00D23B9A1F14AF66002E45B7 /* UIView+Extensions.swift in Sources */,
				000D13781EFF862700A19D5A /* Constants.swift in Sources */,
				00455A8B1F19E81D009F440F /* BakeInBagRealm.swift in Sources */,
				002659A41F30BF0E0016A9F6 /* DeliveryAddressVCFoff.swift in Sources */,
				006A3E201F39E92E00FE3064 /* DeliveryAddressSelectionTableViewCell.swift in Sources */,
				00D0AF9A1EE3C7F300B1F5A2 /* Helper.swift in Sources */,
				0034EE361EE9116B005300AE /* ShopBuyVC.swift in Sources */,
				00264E691F2F63A700D83073 /* ShopCheckBakeTableCell.swift in Sources */,
				009BA0191F46C67100C7ABF7 /* AVRedPacket.swift in Sources */,
				00020F861F0BCDC5008ABFB1 /* FancyTransitionAnimator.swift in Sources */,
				006024FE1EC9900F00FFB859 /* HomeShopVC.swift in Sources */,
				0034EE381EE91176005300AE /* ShopPreVC.swift in Sources */,
				004318321F13EF8E00FD0227 /* ShopClassifyTableCell.swift in Sources */,
				0000D8191F1F3DC100BB2B30 /* ShopPreBakeTableView.swift in Sources */,
				00020F8D1F0E2D5D008ABFB1 /* CGFloat+Extensions.swift in Sources */,
				00D3AB641F36D47800A5E934 /* DeliveryAddressVC.swift in Sources */,
				006024FA1EC98FCF00FFB859 /* HomeMasterVC.swift in Sources */,
				0034EE3A1EE91182005300AE /* ShopTweetVC.swift in Sources */,
				008F74171F38670700AFEC9E /* LocationRealm.swift in Sources */,
				009BA0171F46C61B00C7ABF7 /* RedPacketTableViewCell.swift in Sources */,
				00020F881F0C201E008ABFB1 /* MeInfoVC.swift in Sources */,
				00D23B9C1F14AF82002E45B7 /* UIViewController+Extensions.swift in Sources */,
				00E14EFF1ECC9587008197A3 /* UserRealm.swift in Sources */,
				00D23B961F14AF37002E45B7 /* String+Extensions.swift in Sources */,
				00CA4A7C1F1DFF9F00541A4C /* UIDevice+Extensions.swift in Sources */,
				00BF126F1F2C622300F67DF8 /* MeSettingTableCell.swift in Sources */,
				009E97301EEBC79700D55A5A /* OrderMakingVC.swift in Sources */,
				00846E0B1F282E7D004F2BDE /* BakePreOrderRealm.swift in Sources */,
				00020F8F1F0E2D5D008ABFB1 /* CGVector+Extensions.swift in Sources */,
				0048FDAB1EEA725C002B49B6 /* ShopBuyBakeTableView.swift in Sources */,
				00020F8E1F0E2D5D008ABFB1 /* CGPoint+Extensions.swift in Sources */,
				00B4709B1F0404DD00725C95 /* AVBaker.swift in Sources */,
				00B491A91EE4CFE1000C63EB /* ShopVC.swift in Sources */,
				00629C7E1EC80BBC00B78151 /* OrderVC.swift in Sources */,
				00264E6F1F2F70EC00D83073 /* ShopCheckSegmentedControlTableCell.swift in Sources */,
				006B2E521F1B514B00C10BB9 /* AVOrder.swift in Sources */,
				00D3AB681F370D1F00A5E934 /* DeliveryAddressEditingVC.swift in Sources */,
				00629C7A1EC80BBC00B78151 /* AppDelegate.swift in Sources */,
				009BA0231F49462000C7ABF7 /* AVRemarksOrder.swift in Sources */,
				00455A891F193079009F440F /* AVBake.swift in Sources */,
				009BA01F1F48060000C7ABF7 /* DeliveryTimeDateViewCell.swift in Sources */,
				00D23B9E1F14AF96002E45B7 /* Date+Extensions.swift in Sources */,
				008F0AEF1F2C87EA00700C0D /* MeSettingPwdVC.swift in Sources */,
				0048FDA91EE9E6AC002B49B6 /* ShopBuyBakeTableCell.swift in Sources */,
				006024F21EC9738800FFB859 /* MeMasterVC.swift in Sources */,
				00E14EFB1ECBF5C4008197A3 /* MeLoginVC.swift in Sources */,
				00BF12691F299A6D00F67DF8 /* ShopBagEmbedTableCell.swift in Sources */,
				006A3E1E1F39AA2900FE3064 /* DeliveryAddressSelectionVC.swift in Sources */,
				00455A851F15D4F5009F440F /* AVShop.swift in Sources */,
				00A716E61F0BCA0300A8FF78 /* FancyNavigationControllerDelegate.swift in Sources */,
				00BDA2DB1F34900000923D9F /* AVAddress.swift in Sources */,
				00D23BA01F14AFD0002E45B7 /* UIImage+Extensions.swift in Sources */,
				001DB09D1F024CD100A09F32 /* CommunityVC.swift in Sources */,
				00CA4A7E1F1E093500541A4C /* ShopBagEmbedVC.swift in Sources */,
				00B474E21ECD6A2200ED1B7A /* RealmHelper.swift in Sources */,
				00D23B911F14AC78002E45B7 /* UIPanDirectionGestureRecognizer.swift in Sources */,
				00D23B931F14AF04002E45B7 /* UIColor+Extensions.swift in Sources */,
				00BF12651F28AE4400F67DF8 /* AVBakePre.swift in Sources */,
				00BF12671F28AF2400F67DF8 /* AVBakeIn.swift in Sources */,
				009BA01D1F4805E700C7ABF7 /* DeliveryTimeViewCell.swift in Sources */,
				009BA01B1F46CE3E00C7ABF7 /* UITableViewCell+Extensions.swift in Sources */,
				00D23B981F14AF4E002E45B7 /* Data+Extensions.swift in Sources */,
				009BA0131F469D5800C7ABF7 /* RedPacketVC.swift in Sources */,
				006025021EC99DDE00FFB859 /* HomeBakeVC.swift in Sources */,
				004BF0E01ED184CF00554A5E /* HomeShopTableView.swift in Sources */,
				0000D81B1F1F3DD300BB2B30 /* ShopPreBakeTableCell.swift in Sources */,
				00BF126D1F2B7DAF00F67DF8 /* ShopCheckingVCPureCoding.swift in Sources */,
				00264E651F2F275700D83073 /* ShopCheckingVC.swift in Sources */,
				00264E6D1F2F64C200D83073 /* ShopCheckDeliveryTimeTableCell.swift in Sources */,
				00BF126B1F2B425000F67DF8 /* Double+Extension.swift in Sources */,
			);
			runOnlyForDeploymentPostprocessing = 0;
		};
/* End PBXSourcesBuildPhase section */

/* Begin PBXVariantGroup section */
		00629C7F1EC80BBC00B78151 /* Main.storyboard */ = {
			isa = PBXVariantGroup;
			children = (
				00629C801EC80BBC00B78151 /* Base */,
			);
			name = Main.storyboard;
			sourceTree = "<group>";
		};
		00629C841EC80BBC00B78151 /* LaunchScreen.storyboard */ = {
			isa = PBXVariantGroup;
			children = (
				00629C851EC80BBC00B78151 /* Base */,
			);
			name = LaunchScreen.storyboard;
			sourceTree = "<group>";
		};
/* End PBXVariantGroup section */

/* Begin XCBuildConfiguration section */
		00629C881EC80BBC00B78151 /* Debug */ = {
			isa = XCBuildConfiguration;
			buildSettings = {
				ALWAYS_SEARCH_USER_PATHS = NO;
				CLANG_ANALYZER_NONNULL = YES;
				CLANG_ANALYZER_NUMBER_OBJECT_CONVERSION = YES_AGGRESSIVE;
				CLANG_CXX_LANGUAGE_STANDARD = "gnu++0x";
				CLANG_CXX_LIBRARY = "libc++";
				CLANG_ENABLE_MODULES = YES;
				CLANG_ENABLE_OBJC_ARC = YES;
				CLANG_WARN_BOOL_CONVERSION = YES;
				CLANG_WARN_CONSTANT_CONVERSION = YES;
				CLANG_WARN_DIRECT_OBJC_ISA_USAGE = YES_ERROR;
				CLANG_WARN_DOCUMENTATION_COMMENTS = YES;
				CLANG_WARN_EMPTY_BODY = YES;
				CLANG_WARN_ENUM_CONVERSION = YES;
				CLANG_WARN_INFINITE_RECURSION = YES;
				CLANG_WARN_INT_CONVERSION = YES;
				CLANG_WARN_OBJC_ROOT_CLASS = YES_ERROR;
				CLANG_WARN_SUSPICIOUS_MOVE = YES;
				CLANG_WARN_UNREACHABLE_CODE = YES;
				CLANG_WARN__DUPLICATE_METHOD_MATCH = YES;
				"CODE_SIGN_IDENTITY[sdk=iphoneos*]" = "iPhone Developer";
				COPY_PHASE_STRIP = NO;
				DEBUG_INFORMATION_FORMAT = dwarf;
				ENABLE_STRICT_OBJC_MSGSEND = YES;
				ENABLE_TESTABILITY = YES;
				GCC_C_LANGUAGE_STANDARD = gnu99;
				GCC_DYNAMIC_NO_PIC = NO;
				GCC_NO_COMMON_BLOCKS = YES;
				GCC_OPTIMIZATION_LEVEL = 0;
				GCC_PREPROCESSOR_DEFINITIONS = (
					"DEBUG=1",
					"$(inherited)",
				);
				GCC_WARN_64_TO_32_BIT_CONVERSION = YES;
				GCC_WARN_ABOUT_RETURN_TYPE = YES_ERROR;
				GCC_WARN_UNDECLARED_SELECTOR = YES;
				GCC_WARN_UNINITIALIZED_AUTOS = YES_AGGRESSIVE;
				GCC_WARN_UNUSED_FUNCTION = YES;
				GCC_WARN_UNUSED_VARIABLE = YES;
				IPHONEOS_DEPLOYMENT_TARGET = 10.3;
				MTL_ENABLE_DEBUG_INFO = YES;
				ONLY_ACTIVE_ARCH = YES;
				SDKROOT = iphoneos;
				SWIFT_ACTIVE_COMPILATION_CONDITIONS = DEBUG;
				SWIFT_OPTIMIZATION_LEVEL = "-Onone";
			};
			name = Debug;
		};
		00629C891EC80BBC00B78151 /* Release */ = {
			isa = XCBuildConfiguration;
			buildSettings = {
				ALWAYS_SEARCH_USER_PATHS = NO;
				CLANG_ANALYZER_NONNULL = YES;
				CLANG_ANALYZER_NUMBER_OBJECT_CONVERSION = YES_AGGRESSIVE;
				CLANG_CXX_LANGUAGE_STANDARD = "gnu++0x";
				CLANG_CXX_LIBRARY = "libc++";
				CLANG_ENABLE_MODULES = YES;
				CLANG_ENABLE_OBJC_ARC = YES;
				CLANG_WARN_BOOL_CONVERSION = YES;
				CLANG_WARN_CONSTANT_CONVERSION = YES;
				CLANG_WARN_DIRECT_OBJC_ISA_USAGE = YES_ERROR;
				CLANG_WARN_DOCUMENTATION_COMMENTS = YES;
				CLANG_WARN_EMPTY_BODY = YES;
				CLANG_WARN_ENUM_CONVERSION = YES;
				CLANG_WARN_INFINITE_RECURSION = YES;
				CLANG_WARN_INT_CONVERSION = YES;
				CLANG_WARN_OBJC_ROOT_CLASS = YES_ERROR;
				CLANG_WARN_SUSPICIOUS_MOVE = YES;
				CLANG_WARN_UNREACHABLE_CODE = YES;
				CLANG_WARN__DUPLICATE_METHOD_MATCH = YES;
				"CODE_SIGN_IDENTITY[sdk=iphoneos*]" = "iPhone Developer";
				COPY_PHASE_STRIP = NO;
				DEBUG_INFORMATION_FORMAT = "dwarf-with-dsym";
				ENABLE_NS_ASSERTIONS = NO;
				ENABLE_STRICT_OBJC_MSGSEND = YES;
				GCC_C_LANGUAGE_STANDARD = gnu99;
				GCC_NO_COMMON_BLOCKS = YES;
				GCC_WARN_64_TO_32_BIT_CONVERSION = YES;
				GCC_WARN_ABOUT_RETURN_TYPE = YES_ERROR;
				GCC_WARN_UNDECLARED_SELECTOR = YES;
				GCC_WARN_UNINITIALIZED_AUTOS = YES_AGGRESSIVE;
				GCC_WARN_UNUSED_FUNCTION = YES;
				GCC_WARN_UNUSED_VARIABLE = YES;
				IPHONEOS_DEPLOYMENT_TARGET = 10.3;
				MTL_ENABLE_DEBUG_INFO = NO;
				SDKROOT = iphoneos;
				SWIFT_OPTIMIZATION_LEVEL = "-Owholemodule";
				VALIDATE_PRODUCT = YES;
			};
			name = Release;
		};
		00629C8B1EC80BBC00B78151 /* Debug */ = {
			isa = XCBuildConfiguration;
			baseConfigurationReference = A3D3AE3254706DC34ED844A8 /* Pods-BAKESF.debug.xcconfig */;
			buildSettings = {
				ASSETCATALOG_COMPILER_APPICON_NAME = AppIcon;
				CLANG_ENABLE_MODULES = YES;
				CODE_SIGN_ENTITLEMENTS = BAKESF/BAKESF.entitlements;
				DEVELOPMENT_TEAM = Z27YUCTD32;
				FRAMEWORK_SEARCH_PATHS = (
					"$(inherited)",
					"$(PROJECT_DIR)/build/Debug-iphoneos/Realm",
					"$(PROJECT_DIR)/build/Debug-iphoneos/RealmSwift",
				);
				INFOPLIST_FILE = BAKESF/Info.plist;
				IPHONEOS_DEPLOYMENT_TARGET = 10.0;
				LD_RUNPATH_SEARCH_PATHS = "$(inherited) @executable_path/Frameworks";
				PRODUCT_BUNDLE_IDENTIFIER = com.yuchao.bakesfapp;
				PRODUCT_NAME = "$(TARGET_NAME)";
				SWIFT_OBJC_BRIDGING_HEADER = "BAKESF-Bridging-Header.h";
				SWIFT_OPTIMIZATION_LEVEL = "-Onone";
				SWIFT_VERSION = 3.0;
			};
			name = Debug;
		};
		00629C8C1EC80BBC00B78151 /* Release */ = {
			isa = XCBuildConfiguration;
			baseConfigurationReference = 5A81FAE95BB34EB6E0AC6AFE /* Pods-BAKESF.release.xcconfig */;
			buildSettings = {
				ASSETCATALOG_COMPILER_APPICON_NAME = AppIcon;
				CLANG_ENABLE_MODULES = YES;
				CODE_SIGN_ENTITLEMENTS = BAKESF/BAKESF.entitlements;
				DEVELOPMENT_TEAM = Z27YUCTD32;
				FRAMEWORK_SEARCH_PATHS = (
					"$(inherited)",
					"$(PROJECT_DIR)/build/Debug-iphoneos/Realm",
					"$(PROJECT_DIR)/build/Debug-iphoneos/RealmSwift",
				);
				INFOPLIST_FILE = BAKESF/Info.plist;
				IPHONEOS_DEPLOYMENT_TARGET = 10.0;
				LD_RUNPATH_SEARCH_PATHS = "$(inherited) @executable_path/Frameworks";
				PRODUCT_BUNDLE_IDENTIFIER = com.yuchao.bakesfapp;
				PRODUCT_NAME = "$(TARGET_NAME)";
				SWIFT_OBJC_BRIDGING_HEADER = "BAKESF-Bridging-Header.h";
				SWIFT_VERSION = 3.0;
			};
			name = Release;
		};
/* End XCBuildConfiguration section */

/* Begin XCConfigurationList section */
		00629C711EC80BBC00B78151 /* Build configuration list for PBXProject "BAKESF" */ = {
			isa = XCConfigurationList;
			buildConfigurations = (
				00629C881EC80BBC00B78151 /* Debug */,
				00629C891EC80BBC00B78151 /* Release */,
			);
			defaultConfigurationIsVisible = 0;
			defaultConfigurationName = Release;
		};
		00629C8A1EC80BBC00B78151 /* Build configuration list for PBXNativeTarget "BAKESF" */ = {
			isa = XCConfigurationList;
			buildConfigurations = (
				00629C8B1EC80BBC00B78151 /* Debug */,
				00629C8C1EC80BBC00B78151 /* Release */,
			);
			defaultConfigurationIsVisible = 0;
			defaultConfigurationName = Release;
		};
/* End XCConfigurationList section */
	};
	rootObject = 00629C6E1EC80BBC00B78151 /* Project object */;
}
